// !$*UTF8*$!
{
	archiveVersion = 1;
	classes = {
	};
	objectVersion = 56;
	objects = {

/* Begin PBXBuildFile section */
		E4E7AD462C250BD70029D23B /* Job_HazardousApp.swift in Sources */ = {isa = PBXBuildFile; fileRef = E4E7AD452C250BD70029D23B /* Job_HazardousApp.swift */; };
		E4E7AD482C250BD70029D23B /* ContentView.swift in Sources */ = {isa = PBXBuildFile; fileRef = E4E7AD472C250BD70029D23B /* ContentView.swift */; };
		E4E7AD4A2C250BD80029D23B /* Assets.xcassets in Resources */ = {isa = PBXBuildFile; fileRef = E4E7AD492C250BD80029D23B /* Assets.xcassets */; };
		E4E7AD4D2C250BD80029D23B /* Preview Assets.xcassets in Resources */ = {isa = PBXBuildFile; fileRef = E4E7AD4C2C250BD80029D23B /* Preview Assets.xcassets */; };
		E4E7AD572C250BD90029D23B /* Job_HazardousTests.swift in Sources */ = {isa = PBXBuildFile; fileRef = E4E7AD562C250BD90029D23B /* Job_HazardousTests.swift */; };
		E4E7AD612C250BD90029D23B /* Job_HazardousUITests.swift in Sources */ = {isa = PBXBuildFile; fileRef = E4E7AD602C250BD90029D23B /* Job_HazardousUITests.swift */; };
		E4E7AD632C250BD90029D23B /* Job_HazardousUITestsLaunchTests.swift in Sources */ = {isa = PBXBuildFile; fileRef = E4E7AD622C250BD90029D23B /* Job_HazardousUITestsLaunchTests.swift */; };
		E4E7AD752C250C640029D23B /* VisualEffectBlur.swift in Sources */ = {isa = PBXBuildFile; fileRef = E4E7AD742C250C630029D23B /* VisualEffectBlur.swift */; };
		E4E7AD782C250D0D0029D23B /* TextFrameModifier.swift in Sources */ = {isa = PBXBuildFile; fileRef = E4E7AD772C250D0D0029D23B /* TextFrameModifier.swift */; };
		E4E7AD7A2C250D4C0029D23B /* ImagePicker.swift in Sources */ = {isa = PBXBuildFile; fileRef = E4E7AD792C250D4C0029D23B /* ImagePicker.swift */; };
		E4E7AD7D2C250DCB0029D23B /* CoreData.xcdatamodeld in Sources */ = {isa = PBXBuildFile; fileRef = E4E7AD7B2C250DCB0029D23B /* CoreData.xcdatamodeld */; };
		E4E7AD7F2C250E490029D23B /* ProjectViewModel.swift in Sources */ = {isa = PBXBuildFile; fileRef = E4E7AD7E2C250E490029D23B /* ProjectViewModel.swift */; };
		E4E7AD812C250EF20029D23B /* SetUpView.swift in Sources */ = {isa = PBXBuildFile; fileRef = E4E7AD802C250EF20029D23B /* SetUpView.swift */; };
		E4E7AD832C250F120029D23B /* ProjectCell.swift in Sources */ = {isa = PBXBuildFile; fileRef = E4E7AD822C250F120029D23B /* ProjectCell.swift */; };
		E4E7AD852C250FAB0029D23B /* ProjectListView.swift in Sources */ = {isa = PBXBuildFile; fileRef = E4E7AD842C250FAB0029D23B /* ProjectListView.swift */; };
		E4E7AD872C2510940029D23B /* ProjectAddView.swift in Sources */ = {isa = PBXBuildFile; fileRef = E4E7AD862C2510940029D23B /* ProjectAddView.swift */; };
		E4E7AD892C25118B0029D23B /* MainTabView.swift in Sources */ = {isa = PBXBuildFile; fileRef = E4E7AD882C25118B0029D23B /* MainTabView.swift */; };
		E4E7AE192C28B4BD0029D23B /* ProjectCard.swift in Sources */ = {isa = PBXBuildFile; fileRef = E4E7AE182C28B4BD0029D23B /* ProjectCard.swift */; };
		E4E7AE1B2C290BE20029D23B /* ProjectDetailCard.swift in Sources */ = {isa = PBXBuildFile; fileRef = E4E7AE1A2C290BE20029D23B /* ProjectDetailCard.swift */; };
		E4E7AE1D2C2A5A5C0029D23B /* struct PreEquipmentModel.swift in Sources */ = {isa = PBXBuildFile; fileRef = E4E7AE1C2C2A5A5C0029D23B /* struct PreEquipmentModel.swift */; };
		E4E7AE1F2C2A5F0A0029D23B /* InspectionView.swift in Sources */ = {isa = PBXBuildFile; fileRef = E4E7AE1E2C2A5F0A0029D23B /* InspectionView.swift */; };
		E4E7AE212C2C1A610029D23B /* MenuRow.swift in Sources */ = {isa = PBXBuildFile; fileRef = E4E7AE202C2C1A610029D23B /* MenuRow.swift */; };
/* End PBXBuildFile section */

/* Begin PBXContainerItemProxy section */
		E4E7AD532C250BD90029D23B /* PBXContainerItemProxy */ = {
			isa = PBXContainerItemProxy;
			containerPortal = E4E7AD3A2C250BD70029D23B /* Project object */;
			proxyType = 1;
			remoteGlobalIDString = E4E7AD412C250BD70029D23B;
			remoteInfo = "Job Hazardous";
		};
		E4E7AD5D2C250BD90029D23B /* PBXContainerItemProxy */ = {
			isa = PBXContainerItemProxy;
			containerPortal = E4E7AD3A2C250BD70029D23B /* Project object */;
			proxyType = 1;
			remoteGlobalIDString = E4E7AD412C250BD70029D23B;
			remoteInfo = "Job Hazardous";
		};
/* End PBXContainerItemProxy section */

/* Begin PBXFileReference section */
		E4E7AD422C250BD70029D23B /* Job Hazardous.app */ = {isa = PBXFileReference; explicitFileType = wrapper.application; includeInIndex = 0; path = "Job Hazardous.app"; sourceTree = BUILT_PRODUCTS_DIR; };
		E4E7AD452C250BD70029D23B /* Job_HazardousApp.swift */ = {isa = PBXFileReference; lastKnownFileType = sourcecode.swift; path = Job_HazardousApp.swift; sourceTree = "<group>"; };
		E4E7AD472C250BD70029D23B /* ContentView.swift */ = {isa = PBXFileReference; lastKnownFileType = sourcecode.swift; path = ContentView.swift; sourceTree = "<group>"; };
		E4E7AD492C250BD80029D23B /* Assets.xcassets */ = {isa = PBXFileReference; lastKnownFileType = folder.assetcatalog; path = Assets.xcassets; sourceTree = "<group>"; };
		E4E7AD4C2C250BD80029D23B /* Preview Assets.xcassets */ = {isa = PBXFileReference; lastKnownFileType = folder.assetcatalog; path = "Preview Assets.xcassets"; sourceTree = "<group>"; };
		E4E7AD522C250BD90029D23B /* Job HazardousTests.xctest */ = {isa = PBXFileReference; explicitFileType = wrapper.cfbundle; includeInIndex = 0; path = "Job HazardousTests.xctest"; sourceTree = BUILT_PRODUCTS_DIR; };
		E4E7AD562C250BD90029D23B /* Job_HazardousTests.swift */ = {isa = PBXFileReference; lastKnownFileType = sourcecode.swift; path = Job_HazardousTests.swift; sourceTree = "<group>"; };
		E4E7AD5C2C250BD90029D23B /* Job HazardousUITests.xctest */ = {isa = PBXFileReference; explicitFileType = wrapper.cfbundle; includeInIndex = 0; path = "Job HazardousUITests.xctest"; sourceTree = BUILT_PRODUCTS_DIR; };
		E4E7AD602C250BD90029D23B /* Job_HazardousUITests.swift */ = {isa = PBXFileReference; lastKnownFileType = sourcecode.swift; path = Job_HazardousUITests.swift; sourceTree = "<group>"; };
		E4E7AD622C250BD90029D23B /* Job_HazardousUITestsLaunchTests.swift */ = {isa = PBXFileReference; lastKnownFileType = sourcecode.swift; path = Job_HazardousUITestsLaunchTests.swift; sourceTree = "<group>"; };
		E4E7AD742C250C630029D23B /* VisualEffectBlur.swift */ = {isa = PBXFileReference; lastKnownFileType = sourcecode.swift; path = VisualEffectBlur.swift; sourceTree = "<group>"; };
		E4E7AD772C250D0D0029D23B /* TextFrameModifier.swift */ = {isa = PBXFileReference; lastKnownFileType = sourcecode.swift; path = TextFrameModifier.swift; sourceTree = "<group>"; };
		E4E7AD792C250D4C0029D23B /* ImagePicker.swift */ = {isa = PBXFileReference; lastKnownFileType = sourcecode.swift; path = ImagePicker.swift; sourceTree = "<group>"; };
		E4E7AD7C2C250DCB0029D23B /* CoreData.xcdatamodel */ = {isa = PBXFileReference; lastKnownFileType = wrapper.xcdatamodel; path = CoreData.xcdatamodel; sourceTree = "<group>"; };
		E4E7AD7E2C250E490029D23B /* ProjectViewModel.swift */ = {isa = PBXFileReference; lastKnownFileType = sourcecode.swift; path = ProjectViewModel.swift; sourceTree = "<group>"; };
		E4E7AD802C250EF20029D23B /* SetUpView.swift */ = {isa = PBXFileReference; lastKnownFileType = sourcecode.swift; path = SetUpView.swift; sourceTree = "<group>"; };
		E4E7AD822C250F120029D23B /* ProjectCell.swift */ = {isa = PBXFileReference; lastKnownFileType = sourcecode.swift; path = ProjectCell.swift; sourceTree = "<group>"; };
		E4E7AD842C250FAB0029D23B /* ProjectListView.swift */ = {isa = PBXFileReference; lastKnownFileType = sourcecode.swift; path = ProjectListView.swift; sourceTree = "<group>"; };
		E4E7AD862C2510940029D23B /* ProjectAddView.swift */ = {isa = PBXFileReference; lastKnownFileType = sourcecode.swift; path = ProjectAddView.swift; sourceTree = "<group>"; };
		E4E7AD882C25118B0029D23B /* MainTabView.swift */ = {isa = PBXFileReference; lastKnownFileType = sourcecode.swift; path = MainTabView.swift; sourceTree = "<group>"; };
		E4E7AE182C28B4BD0029D23B /* ProjectCard.swift */ = {isa = PBXFileReference; lastKnownFileType = sourcecode.swift; path = ProjectCard.swift; sourceTree = "<group>"; };
		E4E7AE1A2C290BE20029D23B /* ProjectDetailCard.swift */ = {isa = PBXFileReference; lastKnownFileType = sourcecode.swift; path = ProjectDetailCard.swift; sourceTree = "<group>"; };
		E4E7AE1C2C2A5A5C0029D23B /* struct PreEquipmentModel.swift */ = {isa = PBXFileReference; lastKnownFileType = sourcecode.swift; path = "struct PreEquipmentModel.swift"; sourceTree = "<group>"; };
		E4E7AE1E2C2A5F0A0029D23B /* InspectionView.swift */ = {isa = PBXFileReference; lastKnownFileType = sourcecode.swift; path = InspectionView.swift; sourceTree = "<group>"; };
		E4E7AE202C2C1A610029D23B /* MenuRow.swift */ = {isa = PBXFileReference; lastKnownFileType = sourcecode.swift; path = MenuRow.swift; sourceTree = "<group>"; };
/* End PBXFileReference section */

/* Begin PBXFrameworksBuildPhase section */
		E4E7AD3F2C250BD70029D23B /* Frameworks */ = {
			isa = PBXFrameworksBuildPhase;
			buildActionMask = 2147483647;
			files = (
			);
			runOnlyForDeploymentPostprocessing = 0;
		};
		E4E7AD4F2C250BD90029D23B /* Frameworks */ = {
			isa = PBXFrameworksBuildPhase;
			buildActionMask = 2147483647;
			files = (
			);
			runOnlyForDeploymentPostprocessing = 0;
		};
		E4E7AD592C250BD90029D23B /* Frameworks */ = {
			isa = PBXFrameworksBuildPhase;
			buildActionMask = 2147483647;
			files = (
			);
			runOnlyForDeploymentPostprocessing = 0;
		};
/* End PBXFrameworksBuildPhase section */

/* Begin PBXGroup section */
		E4E7AD392C250BD70029D23B = {
			isa = PBXGroup;
			children = (
				E4E7AD442C250BD70029D23B /* Job Hazardous */,
				E4E7AD552C250BD90029D23B /* Job HazardousTests */,
				E4E7AD5F2C250BD90029D23B /* Job HazardousUITests */,
				E4E7AD432C250BD70029D23B /* Products */,
			);
			sourceTree = "<group>";
		};
		E4E7AD432C250BD70029D23B /* Products */ = {
			isa = PBXGroup;
			children = (
				E4E7AD422C250BD70029D23B /* Job Hazardous.app */,
				E4E7AD522C250BD90029D23B /* Job HazardousTests.xctest */,
				E4E7AD5C2C250BD90029D23B /* Job HazardousUITests.xctest */,
			);
			name = Products;
			sourceTree = "<group>";
		};
		E4E7AD442C250BD70029D23B /* Job Hazardous */ = {
			isa = PBXGroup;
			children = (
				E4E7AD452C250BD70029D23B /* Job_HazardousApp.swift */,
				E4E7AD472C250BD70029D23B /* ContentView.swift */,
				E4E7AD6F2C250BF20029D23B /* Extensions */,
				E4E7AD732C250C320029D23B /* Model */,
				E4E7AD702C250BFC0029D23B /* System */,
				E4E7AD712C250C050029D23B /* View */,
				E4E7AD722C250C1E0029D23B /* ViewModel */,
				E4E7AD492C250BD80029D23B /* Assets.xcassets */,
				E4E7AD4B2C250BD80029D23B /* Preview Content */,
			);
			path = "Job Hazardous";
			sourceTree = "<group>";
		};
		E4E7AD4B2C250BD80029D23B /* Preview Content */ = {
			isa = PBXGroup;
			children = (
				E4E7AD4C2C250BD80029D23B /* Preview Assets.xcassets */,
			);
			path = "Preview Content";
			sourceTree = "<group>";
		};
		E4E7AD552C250BD90029D23B /* Job HazardousTests */ = {
			isa = PBXGroup;
			children = (
				E4E7AD562C250BD90029D23B /* Job_HazardousTests.swift */,
			);
			path = "Job HazardousTests";
			sourceTree = "<group>";
		};
		E4E7AD5F2C250BD90029D23B /* Job HazardousUITests */ = {
			isa = PBXGroup;
			children = (
				E4E7AD602C250BD90029D23B /* Job_HazardousUITests.swift */,
				E4E7AD622C250BD90029D23B /* Job_HazardousUITestsLaunchTests.swift */,
			);
			path = "Job HazardousUITests";
			sourceTree = "<group>";
		};
		E4E7AD6F2C250BF20029D23B /* Extensions */ = {
			isa = PBXGroup;
			children = (
				E4E7AD742C250C630029D23B /* VisualEffectBlur.swift */,
				E4E7AD772C250D0D0029D23B /* TextFrameModifier.swift */,
				E4E7AD792C250D4C0029D23B /* ImagePicker.swift */,
				E4E7AE202C2C1A610029D23B /* MenuRow.swift */,
			);
			path = Extensions;
			sourceTree = "<group>";
		};
		E4E7AD702C250BFC0029D23B /* System */ = {
			isa = PBXGroup;
			children = (
				E4E7AD7B2C250DCB0029D23B /* CoreData.xcdatamodeld */,
			);
			path = System;
			sourceTree = "<group>";
		};
		E4E7AD712C250C050029D23B /* View */ = {
			isa = PBXGroup;
			children = (
				E4E7AD822C250F120029D23B /* ProjectCell.swift */,
				E4E7AE182C28B4BD0029D23B /* ProjectCard.swift */,
				E4E7AE1A2C290BE20029D23B /* ProjectDetailCard.swift */,
				E4E7AE1E2C2A5F0A0029D23B /* InspectionView.swift */,
				E4E7AD882C25118B0029D23B /* MainTabView.swift */,
				E4E7AD862C2510940029D23B /* ProjectAddView.swift */,
				E4E7AD842C250FAB0029D23B /* ProjectListView.swift */,
				E4E7AD802C250EF20029D23B /* SetUpView.swift */,
			);
			path = View;
			sourceTree = "<group>";
		};
		E4E7AD722C250C1E0029D23B /* ViewModel */ = {
			isa = PBXGroup;
			children = (
				E4E7AD7E2C250E490029D23B /* ProjectViewModel.swift */,
			);
			path = ViewModel;
			sourceTree = "<group>";
		};
		E4E7AD732C250C320029D23B /* Model */ = {
			isa = PBXGroup;
			children = (
				E4E7AE1C2C2A5A5C0029D23B /* struct PreEquipmentModel.swift */,
			);
			path = Model;
			sourceTree = "<group>";
		};
/* End PBXGroup section */

/* Begin PBXNativeTarget section */
		E4E7AD412C250BD70029D23B /* Job Hazardous */ = {
			isa = PBXNativeTarget;
			buildConfigurationList = E4E7AD662C250BD90029D23B /* Build configuration list for PBXNativeTarget "Job Hazardous" */;
			buildPhases = (
				E4E7AD3E2C250BD70029D23B /* Sources */,
				E4E7AD3F2C250BD70029D23B /* Frameworks */,
				E4E7AD402C250BD70029D23B /* Resources */,
			);
			buildRules = (
			);
			dependencies = (
			);
			name = "Job Hazardous";
			productName = "Job Hazardous";
			productReference = E4E7AD422C250BD70029D23B /* Job Hazardous.app */;
			productType = "com.apple.product-type.application";
		};
		E4E7AD512C250BD90029D23B /* Job HazardousTests */ = {
			isa = PBXNativeTarget;
			buildConfigurationList = E4E7AD692C250BD90029D23B /* Build configuration list for PBXNativeTarget "Job HazardousTests" */;
			buildPhases = (
				E4E7AD4E2C250BD90029D23B /* Sources */,
				E4E7AD4F2C250BD90029D23B /* Frameworks */,
				E4E7AD502C250BD90029D23B /* Resources */,
			);
			buildRules = (
			);
			dependencies = (
				E4E7AD542C250BD90029D23B /* PBXTargetDependency */,
			);
			name = "Job HazardousTests";
			productName = "Job HazardousTests";
			productReference = E4E7AD522C250BD90029D23B /* Job HazardousTests.xctest */;
			productType = "com.apple.product-type.bundle.unit-test";
		};
		E4E7AD5B2C250BD90029D23B /* Job HazardousUITests */ = {
			isa = PBXNativeTarget;
			buildConfigurationList = E4E7AD6C2C250BD90029D23B /* Build configuration list for PBXNativeTarget "Job HazardousUITests" */;
			buildPhases = (
				E4E7AD582C250BD90029D23B /* Sources */,
				E4E7AD592C250BD90029D23B /* Frameworks */,
				E4E7AD5A2C250BD90029D23B /* Resources */,
			);
			buildRules = (
			);
			dependencies = (
				E4E7AD5E2C250BD90029D23B /* PBXTargetDependency */,
			);
			name = "Job HazardousUITests";
			productName = "Job HazardousUITests";
			productReference = E4E7AD5C2C250BD90029D23B /* Job HazardousUITests.xctest */;
			productType = "com.apple.product-type.bundle.ui-testing";
		};
/* End PBXNativeTarget section */

/* Begin PBXProject section */
		E4E7AD3A2C250BD70029D23B /* Project object */ = {
			isa = PBXProject;
			attributes = {
				BuildIndependentTargetsInParallel = 1;
				LastSwiftUpdateCheck = 1510;
				LastUpgradeCheck = 1510;
				TargetAttributes = {
					E4E7AD412C250BD70029D23B = {
						CreatedOnToolsVersion = 15.1;
					};
					E4E7AD512C250BD90029D23B = {
						CreatedOnToolsVersion = 15.1;
						TestTargetID = E4E7AD412C250BD70029D23B;
					};
					E4E7AD5B2C250BD90029D23B = {
						CreatedOnToolsVersion = 15.1;
						TestTargetID = E4E7AD412C250BD70029D23B;
					};
				};
			};
			buildConfigurationList = E4E7AD3D2C250BD70029D23B /* Build configuration list for PBXProject "Job Hazardous" */;
			compatibilityVersion = "Xcode 14.0";
			developmentRegion = en;
			hasScannedForEncodings = 0;
			knownRegions = (
				en,
				Base,
			);
			mainGroup = E4E7AD392C250BD70029D23B;
			productRefGroup = E4E7AD432C250BD70029D23B /* Products */;
			projectDirPath = "";
			projectRoot = "";
			targets = (
				E4E7AD412C250BD70029D23B /* Job Hazardous */,
				E4E7AD512C250BD90029D23B /* Job HazardousTests */,
				E4E7AD5B2C250BD90029D23B /* Job HazardousUITests */,
			);
		};
/* End PBXProject section */

/* Begin PBXResourcesBuildPhase section */
		E4E7AD402C250BD70029D23B /* Resources */ = {
			isa = PBXResourcesBuildPhase;
			buildActionMask = 2147483647;
			files = (
				E4E7AD4D2C250BD80029D23B /* Preview Assets.xcassets in Resources */,
				E4E7AD4A2C250BD80029D23B /* Assets.xcassets in Resources */,
			);
			runOnlyForDeploymentPostprocessing = 0;
		};
		E4E7AD502C250BD90029D23B /* Resources */ = {
			isa = PBXResourcesBuildPhase;
			buildActionMask = 2147483647;
			files = (
			);
			runOnlyForDeploymentPostprocessing = 0;
		};
		E4E7AD5A2C250BD90029D23B /* Resources */ = {
			isa = PBXResourcesBuildPhase;
			buildActionMask = 2147483647;
			files = (
			);
			runOnlyForDeploymentPostprocessing = 0;
		};
/* End PBXResourcesBuildPhase section */

/* Begin PBXSourcesBuildPhase section */
		E4E7AD3E2C250BD70029D23B /* Sources */ = {
			isa = PBXSourcesBuildPhase;
			buildActionMask = 2147483647;
			files = (
				E4E7AE1B2C290BE20029D23B /* ProjectDetailCard.swift in Sources */,
				E4E7AD7F2C250E490029D23B /* ProjectViewModel.swift in Sources */,
				E4E7AD752C250C640029D23B /* VisualEffectBlur.swift in Sources */,
				E4E7AD782C250D0D0029D23B /* TextFrameModifier.swift in Sources */,
				E4E7AD7D2C250DCB0029D23B /* CoreData.xcdatamodeld in Sources */,
				E4E7AD832C250F120029D23B /* ProjectCell.swift in Sources */,
				E4E7AE1F2C2A5F0A0029D23B /* InspectionView.swift in Sources */,
				E4E7AD872C2510940029D23B /* ProjectAddView.swift in Sources */,
				E4E7AD7A2C250D4C0029D23B /* ImagePicker.swift in Sources */,
				E4E7AD852C250FAB0029D23B /* ProjectListView.swift in Sources */,
				E4E7AE192C28B4BD0029D23B /* ProjectCard.swift in Sources */,
				E4E7AE212C2C1A610029D23B /* MenuRow.swift in Sources */,
				E4E7AD482C250BD70029D23B /* ContentView.swift in Sources */,
				E4E7AD812C250EF20029D23B /* SetUpView.swift in Sources */,
				E4E7AD462C250BD70029D23B /* Job_HazardousApp.swift in Sources */,
				E4E7AD892C25118B0029D23B /* MainTabView.swift in Sources */,
				E4E7AE1D2C2A5A5C0029D23B /* struct PreEquipmentModel.swift in Sources */,
			);
			runOnlyForDeploymentPostprocessing = 0;
		};
		E4E7AD4E2C250BD90029D23B /* Sources */ = {
			isa = PBXSourcesBuildPhase;
			buildActionMask = 2147483647;
			files = (
				E4E7AD572C250BD90029D23B /* Job_HazardousTests.swift in Sources */,
			);
			runOnlyForDeploymentPostprocessing = 0;
		};
		E4E7AD582C250BD90029D23B /* Sources */ = {
			isa = PBXSourcesBuildPhase;
			buildActionMask = 2147483647;
			files = (
				E4E7AD632C250BD90029D23B /* Job_HazardousUITestsLaunchTests.swift in Sources */,
				E4E7AD612C250BD90029D23B /* Job_HazardousUITests.swift in Sources */,
			);
			runOnlyForDeploymentPostprocessing = 0;
		};
/* End PBXSourcesBuildPhase section */

/* Begin PBXTargetDependency section */
		E4E7AD542C250BD90029D23B /* PBXTargetDependency */ = {
			isa = PBXTargetDependency;
			target = E4E7AD412C250BD70029D23B /* Job Hazardous */;
			targetProxy = E4E7AD532C250BD90029D23B /* PBXContainerItemProxy */;
		};
		E4E7AD5E2C250BD90029D23B /* PBXTargetDependency */ = {
			isa = PBXTargetDependency;
			target = E4E7AD412C250BD70029D23B /* Job Hazardous */;
			targetProxy = E4E7AD5D2C250BD90029D23B /* PBXContainerItemProxy */;
		};
/* End PBXTargetDependency section */

/* Begin XCBuildConfiguration section */
		E4E7AD642C250BD90029D23B /* Debug */ = {
			isa = XCBuildConfiguration;
			buildSettings = {
				ALWAYS_SEARCH_USER_PATHS = NO;
				ASSETCATALOG_COMPILER_GENERATE_SWIFT_ASSET_SYMBOL_EXTENSIONS = YES;
				CLANG_ANALYZER_NONNULL = YES;
				CLANG_ANALYZER_NUMBER_OBJECT_CONVERSION = YES_AGGRESSIVE;
				CLANG_CXX_LANGUAGE_STANDARD = "gnu++20";
				CLANG_ENABLE_MODULES = YES;
				CLANG_ENABLE_OBJC_ARC = YES;
				CLANG_ENABLE_OBJC_WEAK = YES;
				CLANG_WARN_BLOCK_CAPTURE_AUTORELEASING = YES;
				CLANG_WARN_BOOL_CONVERSION = YES;
				CLANG_WARN_COMMA = YES;
				CLANG_WARN_CONSTANT_CONVERSION = YES;
				CLANG_WARN_DEPRECATED_OBJC_IMPLEMENTATIONS = YES;
				CLANG_WARN_DIRECT_OBJC_ISA_USAGE = YES_ERROR;
				CLANG_WARN_DOCUMENTATION_COMMENTS = YES;
				CLANG_WARN_EMPTY_BODY = YES;
				CLANG_WARN_ENUM_CONVERSION = YES;
				CLANG_WARN_INFINITE_RECURSION = YES;
				CLANG_WARN_INT_CONVERSION = YES;
				CLANG_WARN_NON_LITERAL_NULL_CONVERSION = YES;
				CLANG_WARN_OBJC_IMPLICIT_RETAIN_SELF = YES;
				CLANG_WARN_OBJC_LITERAL_CONVERSION = YES;
				CLANG_WARN_OBJC_ROOT_CLASS = YES_ERROR;
				CLANG_WARN_QUOTED_INCLUDE_IN_FRAMEWORK_HEADER = YES;
				CLANG_WARN_RANGE_LOOP_ANALYSIS = YES;
				CLANG_WARN_STRICT_PROTOTYPES = YES;
				CLANG_WARN_SUSPICIOUS_MOVE = YES;
				CLANG_WARN_UNGUARDED_AVAILABILITY = YES_AGGRESSIVE;
				CLANG_WARN_UNREACHABLE_CODE = YES;
				CLANG_WARN__DUPLICATE_METHOD_MATCH = YES;
				COPY_PHASE_STRIP = NO;
				DEBUG_INFORMATION_FORMAT = dwarf;
				ENABLE_STRICT_OBJC_MSGSEND = YES;
				ENABLE_TESTABILITY = YES;
				ENABLE_USER_SCRIPT_SANDBOXING = YES;
				GCC_C_LANGUAGE_STANDARD = gnu17;
				GCC_DYNAMIC_NO_PIC = NO;
				GCC_NO_COMMON_BLOCKS = YES;
				GCC_OPTIMIZATION_LEVEL = 0;
				GCC_PREPROCESSOR_DEFINITIONS = (
					"DEBUG=1",
					"$(inherited)",
				);
				GCC_WARN_64_TO_32_BIT_CONVERSION = YES;
				GCC_WARN_ABOUT_RETURN_TYPE = YES_ERROR;
				GCC_WARN_UNDECLARED_SELECTOR = YES;
				GCC_WARN_UNINITIALIZED_AUTOS = YES_AGGRESSIVE;
				GCC_WARN_UNUSED_FUNCTION = YES;
				GCC_WARN_UNUSED_VARIABLE = YES;
				IPHONEOS_DEPLOYMENT_TARGET = 17.2;
				LOCALIZATION_PREFERS_STRING_CATALOGS = YES;
				MTL_ENABLE_DEBUG_INFO = INCLUDE_SOURCE;
				MTL_FAST_MATH = YES;
				ONLY_ACTIVE_ARCH = YES;
				SDKROOT = iphoneos;
				SWIFT_ACTIVE_COMPILATION_CONDITIONS = "DEBUG $(inherited)";
				SWIFT_OPTIMIZATION_LEVEL = "-Onone";
			};
			name = Debug;
		};
		E4E7AD652C250BD90029D23B /* Release */ = {
			isa = XCBuildConfiguration;
			buildSettings = {
				ALWAYS_SEARCH_USER_PATHS = NO;
				ASSETCATALOG_COMPILER_GENERATE_SWIFT_ASSET_SYMBOL_EXTENSIONS = YES;
				CLANG_ANALYZER_NONNULL = YES;
				CLANG_ANALYZER_NUMBER_OBJECT_CONVERSION = YES_AGGRESSIVE;
				CLANG_CXX_LANGUAGE_STANDARD = "gnu++20";
				CLANG_ENABLE_MODULES = YES;
				CLANG_ENABLE_OBJC_ARC = YES;
				CLANG_ENABLE_OBJC_WEAK = YES;
				CLANG_WARN_BLOCK_CAPTURE_AUTORELEASING = YES;
				CLANG_WARN_BOOL_CONVERSION = YES;
				CLANG_WARN_COMMA = YES;
				CLANG_WARN_CONSTANT_CONVERSION = YES;
				CLANG_WARN_DEPRECATED_OBJC_IMPLEMENTATIONS = YES;
				CLANG_WARN_DIRECT_OBJC_ISA_USAGE = YES_ERROR;
				CLANG_WARN_DOCUMENTATION_COMMENTS = YES;
				CLANG_WARN_EMPTY_BODY = YES;
				CLANG_WARN_ENUM_CONVERSION = YES;
				CLANG_WARN_INFINITE_RECURSION = YES;
				CLANG_WARN_INT_CONVERSION = YES;
				CLANG_WARN_NON_LITERAL_NULL_CONVERSION = YES;
				CLANG_WARN_OBJC_IMPLICIT_RETAIN_SELF = YES;
				CLANG_WARN_OBJC_LITERAL_CONVERSION = YES;
				CLANG_WARN_OBJC_ROOT_CLASS = YES_ERROR;
				CLANG_WARN_QUOTED_INCLUDE_IN_FRAMEWORK_HEADER = YES;
				CLANG_WARN_RANGE_LOOP_ANALYSIS = YES;
				CLANG_WARN_STRICT_PROTOTYPES = YES;
				CLANG_WARN_SUSPICIOUS_MOVE = YES;
				CLANG_WARN_UNGUARDED_AVAILABILITY = YES_AGGRESSIVE;
				CLANG_WARN_UNREACHABLE_CODE = YES;
				CLANG_WARN__DUPLICATE_METHOD_MATCH = YES;
				COPY_PHASE_STRIP = NO;
				DEBUG_INFORMATION_FORMAT = "dwarf-with-dsym";
				ENABLE_NS_ASSERTIONS = NO;
				ENABLE_STRICT_OBJC_MSGSEND = YES;
				ENABLE_USER_SCRIPT_SANDBOXING = YES;
				GCC_C_LANGUAGE_STANDARD = gnu17;
				GCC_NO_COMMON_BLOCKS = YES;
				GCC_WARN_64_TO_32_BIT_CONVERSION = YES;
				GCC_WARN_ABOUT_RETURN_TYPE = YES_ERROR;
				GCC_WARN_UNDECLARED_SELECTOR = YES;
				GCC_WARN_UNINITIALIZED_AUTOS = YES_AGGRESSIVE;
				GCC_WARN_UNUSED_FUNCTION = YES;
				GCC_WARN_UNUSED_VARIABLE = YES;
				IPHONEOS_DEPLOYMENT_TARGET = 17.2;
				LOCALIZATION_PREFERS_STRING_CATALOGS = YES;
				MTL_ENABLE_DEBUG_INFO = NO;
				MTL_FAST_MATH = YES;
				SDKROOT = iphoneos;
				SWIFT_COMPILATION_MODE = wholemodule;
				VALIDATE_PRODUCT = YES;
			};
			name = Release;
		};
		E4E7AD672C250BD90029D23B /* Debug */ = {
			isa = XCBuildConfiguration;
			buildSettings = {
				ASSETCATALOG_COMPILER_APPICON_NAME = AppIcon;
				ASSETCATALOG_COMPILER_GLOBAL_ACCENT_COLOR_NAME = AccentColor;
				CODE_SIGN_STYLE = Automatic;
				CURRENT_PROJECT_VERSION = 1;
				DEVELOPMENT_ASSET_PATHS = "\"Job Hazardous/Preview Content\"";
				DEVELOPMENT_TEAM = P245NB73JW;
				ENABLE_PREVIEWS = YES;
				GENERATE_INFOPLIST_FILE = YES;
				INFOPLIST_KEY_UIApplicationSceneManifest_Generation = YES;
				INFOPLIST_KEY_UIApplicationSupportsIndirectInputEvents = YES;
				INFOPLIST_KEY_UILaunchScreen_Generation = YES;
				INFOPLIST_KEY_UISupportedInterfaceOrientations_iPad = "UIInterfaceOrientationPortrait UIInterfaceOrientationPortraitUpsideDown UIInterfaceOrientationLandscapeLeft UIInterfaceOrientationLandscapeRight";
				INFOPLIST_KEY_UISupportedInterfaceOrientations_iPhone = "UIInterfaceOrientationPortrait UIInterfaceOrientationLandscapeLeft UIInterfaceOrientationLandscapeRight";
				LD_RUNPATH_SEARCH_PATHS = (
					"$(inherited)",
					"@executable_path/Frameworks",
				);
				MARKETING_VERSION = 1.0;
				PRODUCT_BUNDLE_IDENTIFIER = "com.Job-Hazardous";
				PRODUCT_NAME = "$(TARGET_NAME)";
				SWIFT_EMIT_LOC_STRINGS = YES;
				SWIFT_VERSION = 5.0;
				TARGETED_DEVICE_FAMILY = "1,2";
			};
			name = Debug;
		};
		E4E7AD682C250BD90029D23B /* Release */ = {
			isa = XCBuildConfiguration;
			buildSettings = {
				ASSETCATALOG_COMPILER_APPICON_NAME = AppIcon;
				ASSETCATALOG_COMPILER_GLOBAL_ACCENT_COLOR_NAME = AccentColor;
				CODE_SIGN_STYLE = Automatic;
				CURRENT_PROJECT_VERSION = 1;
				DEVELOPMENT_ASSET_PATHS = "\"Job Hazardous/Preview Content\"";
				DEVELOPMENT_TEAM = P245NB73JW;
				ENABLE_PREVIEWS = YES;
				GENERATE_INFOPLIST_FILE = YES;
				INFOPLIST_KEY_UIApplicationSceneManifest_Generation = YES;
				INFOPLIST_KEY_UIApplicationSupportsIndirectInputEvents = YES;
				INFOPLIST_KEY_UILaunchScreen_Generation = YES;
				INFOPLIST_KEY_UISupportedInterfaceOrientations_iPad = "UIInterfaceOrientationPortrait UIInterfaceOrientationPortraitUpsideDown UIInterfaceOrientationLandscapeLeft UIInterfaceOrientationLandscapeRight";
				INFOPLIST_KEY_UISupportedInterfaceOrientations_iPhone = "UIInterfaceOrientationPortrait UIInterfaceOrientationLandscapeLeft UIInterfaceOrientationLandscapeRight";
				LD_RUNPATH_SEARCH_PATHS = (
					"$(inherited)",
					"@executable_path/Frameworks",
				);
				MARKETING_VERSION = 1.0;
				PRODUCT_BUNDLE_IDENTIFIER = "com.Job-Hazardous";
				PRODUCT_NAME = "$(TARGET_NAME)";
				SWIFT_EMIT_LOC_STRINGS = YES;
				SWIFT_VERSION = 5.0;
				TARGETED_DEVICE_FAMILY = "1,2";
			};
			name = Release;
		};
		E4E7AD6A2C250BD90029D23B /* Debug */ = {
			isa = XCBuildConfiguration;
			buildSettings = {
				ALWAYS_EMBED_SWIFT_STANDARD_LIBRARIES = YES;
				BUNDLE_LOADER = "$(TEST_HOST)";
				CODE_SIGN_STYLE = Automatic;
				CURRENT_PROJECT_VERSION = 1;
				DEVELOPMENT_TEAM = P245NB73JW;
				GENERATE_INFOPLIST_FILE = YES;
				IPHONEOS_DEPLOYMENT_TARGET = 17.2;
				MARKETING_VERSION = 1.0;
				PRODUCT_BUNDLE_IDENTIFIER = "com.Job-HazardousTests";
				PRODUCT_NAME = "$(TARGET_NAME)";
				SWIFT_EMIT_LOC_STRINGS = NO;
				SWIFT_VERSION = 5.0;
				TARGETED_DEVICE_FAMILY = "1,2";
				TEST_HOST = "$(BUILT_PRODUCTS_DIR)/Job Hazardous.app/$(BUNDLE_EXECUTABLE_FOLDER_PATH)/Job Hazardous";
			};
			name = Debug;
		};
		E4E7AD6B2C250BD90029D23B /* Release */ = {
			isa = XCBuildConfiguration;
			buildSettings = {
				ALWAYS_EMBED_SWIFT_STANDARD_LIBRARIES = YES;
				BUNDLE_LOADER = "$(TEST_HOST)";
				CODE_SIGN_STYLE = Automatic;
				CURRENT_PROJECT_VERSION = 1;
				DEVELOPMENT_TEAM = P245NB73JW;
				GENERATE_INFOPLIST_FILE = YES;
				IPHONEOS_DEPLOYMENT_TARGET = 17.2;
				MARKETING_VERSION = 1.0;
				PRODUCT_BUNDLE_IDENTIFIER = "com.Job-HazardousTests";
				PRODUCT_NAME = "$(TARGET_NAME)";
				SWIFT_EMIT_LOC_STRINGS = NO;
				SWIFT_VERSION = 5.0;
				TARGETED_DEVICE_FAMILY = "1,2";
				TEST_HOST = "$(BUILT_PRODUCTS_DIR)/Job Hazardous.app/$(BUNDLE_EXECUTABLE_FOLDER_PATH)/Job Hazardous";
			};
			name = Release;
		};
		E4E7AD6D2C250BD90029D23B /* Debug */ = {
			isa = XCBuildConfiguration;
			buildSettings = {
				ALWAYS_EMBED_SWIFT_STANDARD_LIBRARIES = YES;
				CODE_SIGN_STYLE = Automatic;
				CURRENT_PROJECT_VERSION = 1;
				DEVELOPMENT_TEAM = P245NB73JW;
				GENERATE_INFOPLIST_FILE = YES;
				MARKETING_VERSION = 1.0;
				PRODUCT_BUNDLE_IDENTIFIER = "com.Job-HazardousUITests";
				PRODUCT_NAME = "$(TARGET_NAME)";
				SWIFT_EMIT_LOC_STRINGS = NO;
				SWIFT_VERSION = 5.0;
				TARGETED_DEVICE_FAMILY = "1,2";
				TEST_TARGET_NAME = "Job Hazardous";
			};
			name = Debug;
		};
		E4E7AD6E2C250BD90029D23B /* Release */ = {
			isa = XCBuildConfiguration;
			buildSettings = {
				ALWAYS_EMBED_SWIFT_STANDARD_LIBRARIES = YES;
				CODE_SIGN_STYLE = Automatic;
				CURRENT_PROJECT_VERSION = 1;
				DEVELOPMENT_TEAM = P245NB73JW;
				GENERATE_INFOPLIST_FILE = YES;
				MARKETING_VERSION = 1.0;
				PRODUCT_BUNDLE_IDENTIFIER = "com.Job-HazardousUITests";
				PRODUCT_NAME = "$(TARGET_NAME)";
				SWIFT_EMIT_LOC_STRINGS = NO;
				SWIFT_VERSION = 5.0;
				TARGETED_DEVICE_FAMILY = "1,2";
				TEST_TARGET_NAME = "Job Hazardous";
			};
			name = Release;
		};
/* End XCBuildConfiguration section */

/* Begin XCConfigurationList section */
		E4E7AD3D2C250BD70029D23B /* Build configuration list for PBXProject "Job Hazardous" */ = {
			isa = XCConfigurationList;
			buildConfigurations = (
				E4E7AD642C250BD90029D23B /* Debug */,
				E4E7AD652C250BD90029D23B /* Release */,
			);
			defaultConfigurationIsVisible = 0;
			defaultConfigurationName = Release;
		};
		E4E7AD662C250BD90029D23B /* Build configuration list for PBXNativeTarget "Job Hazardous" */ = {
			isa = XCConfigurationList;
			buildConfigurations = (
				E4E7AD672C250BD90029D23B /* Debug */,
				E4E7AD682C250BD90029D23B /* Release */,
			);
			defaultConfigurationIsVisible = 0;
			defaultConfigurationName = Release;
		};
		E4E7AD692C250BD90029D23B /* Build configuration list for PBXNativeTarget "Job HazardousTests" */ = {
			isa = XCConfigurationList;
			buildConfigurations = (
				E4E7AD6A2C250BD90029D23B /* Debug */,
				E4E7AD6B2C250BD90029D23B /* Release */,
			);
			defaultConfigurationIsVisible = 0;
			defaultConfigurationName = Release;
		};
		E4E7AD6C2C250BD90029D23B /* Build configuration list for PBXNativeTarget "Job HazardousUITests" */ = {
			isa = XCConfigurationList;
			buildConfigurations = (
				E4E7AD6D2C250BD90029D23B /* Debug */,
				E4E7AD6E2C250BD90029D23B /* Release */,
			);
			defaultConfigurationIsVisible = 0;
			defaultConfigurationName = Release;
		};
/* End XCConfigurationList section */

/* Begin XCVersionGroup section */
		E4E7AD7B2C250DCB0029D23B /* CoreData.xcdatamodeld */ = {
			isa = XCVersionGroup;
			children = (
				E4E7AD7C2C250DCB0029D23B /* CoreData.xcdatamodel */,
			);
			currentVersion = E4E7AD7C2C250DCB0029D23B /* CoreData.xcdatamodel */;
			path = CoreData.xcdatamodeld;
			sourceTree = "<group>";
			versionGroupType = wrapper.xcdatamodel;
		};
/* End XCVersionGroup section */
	};
	rootObject = E4E7AD3A2C250BD70029D23B /* Project object */;
}
